
Microsoft Visual Studio Solution File, Format Version 12.00
# Visual Studio Version 16
VisualStudioVersion = 16.0.29215.179
MinimumVisualStudioVersion = 10.0.40219.1
Project("{9A19103F-16F7-4668-BE54-9A1E7A4F7556}") = "GrandeHotel.Lib.Data", "GrandeHotel.Lib.Data\GrandeHotel.Lib.Data.csproj", "{9D907256-4F79-41D5-91A4-AC0D7BC63D83}"
EndProject
Project("{9A19103F-16F7-4668-BE54-9A1E7A4F7556}") = "GrandeHotel.Lib.Data.Migrations", "GrandeHotel.Lib.Data.Migrations\GrandeHotel.Lib.Data.Migrations.csproj", "{8BB318DC-56EB-4C4B-8889-BC9BC35022AA}"
EndProject
Project("{9A19103F-16F7-4668-BE54-9A1E7A4F7556}") = "GrandeHotel.Lib.Data.Tests.Integration", "GrandeHotel.Lib.Data.Tests.Integration\GrandeHotel.Lib.Data.Tests.Integration.csproj", "{B6C2152D-4DB9-4BD2-B641-0EE47D32570D}"
EndProject
Project("{9A19103F-16F7-4668-BE54-9A1E7A4F7556}") = "GrandeHotel.Web", "GrandeHotel.Web\GrandeHotel.Web.csproj", "{5ADD4493-6753-4997-905F-AE5B3F0D3C78}"
EndProject
Project("{9A19103F-16F7-4668-BE54-9A1E7A4F7556}") = "GrandeHotel.Lib.Services", "GrandeHotel.Lib.Services\GrandeHotel.Lib.Services.csproj", "{763D656E-180F-4153-8C64-FCFA7E5350F4}"
EndProject
Project("{9A19103F-16F7-4668-BE54-9A1E7A4F7556}") = "GrandeHotel.Models", "GrandeHotel.Models\GrandeHotel.Models.csproj", "{EA38117C-6B05-4947-8E88-1E9EA4434DC3}"
EndProject
Project("{2150E333-8FDC-42A3-9474-1A3956D46DE8}") = "Testing", "Testing", "{016609B9-4560-468D-8762-74056C12BA4A}"
EndProject
Global
	GlobalSection(SolutionConfigurationPlatforms) = preSolution
		Debug|Any CPU = Debug|Any CPU
		Release|Any CPU = Release|Any CPU
	EndGlobalSection
	GlobalSection(ProjectConfigurationPlatforms) = postSolution
		{9D907256-4F79-41D5-91A4-AC0D7BC63D83}.Debug|Any CPU.ActiveCfg = Debug|Any CPU
		{9D907256-4F79-41D5-91A4-AC0D7BC63D83}.Debug|Any CPU.Build.0 = Debug|Any CPU
		{9D907256-4F79-41D5-91A4-AC0D7BC63D83}.Release|Any CPU.ActiveCfg = Release|Any CPU
		{9D907256-4F79-41D5-91A4-AC0D7BC63D83}.Release|Any CPU.Build.0 = Release|Any CPU
		{8BB318DC-56EB-4C4B-8889-BC9BC35022AA}.Debug|Any CPU.ActiveCfg = Debug|Any CPU
		{8BB318DC-56EB-4C4B-8889-BC9BC35022AA}.Debug|Any CPU.Build.0 = Debug|Any CPU
		{8BB318DC-56EB-4C4B-8889-BC9BC35022AA}.Release|Any CPU.ActiveCfg = Release|Any CPU
		{8BB318DC-56EB-4C4B-8889-BC9BC35022AA}.Release|Any CPU.Build.0 = Release|Any CPU
		{B6C2152D-4DB9-4BD2-B641-0EE47D32570D}.Debug|Any CPU.ActiveCfg = Debug|Any CPU
		{B6C2152D-4DB9-4BD2-B641-0EE47D32570D}.Debug|Any CPU.Build.0 = Debug|Any CPU
		{B6C2152D-4DB9-4BD2-B641-0EE47D32570D}.Release|Any CPU.ActiveCfg = Release|Any CPU
		{B6C2152D-4DB9-4BD2-B641-0EE47D32570D}.Release|Any CPU.Build.0 = Release|Any CPU
		{5ADD4493-6753-4997-905F-AE5B3F0D3C78}.Debug|Any CPU.ActiveCfg = Debug|Any CPU
		{5ADD4493-6753-4997-905F-AE5B3F0D3C78}.Debug|Any CPU.Build.0 = Debug|Any CPU
		{5ADD4493-6753-4997-905F-AE5B3F0D3C78}.Release|Any CPU.ActiveCfg = Release|Any CPU
		{5ADD4493-6753-4997-905F-AE5B3F0D3C78}.Release|Any CPU.Build.0 = Release|Any CPU
		{763D656E-180F-4153-8C64-FCFA7E5350F4}.Debug|Any CPU.ActiveCfg = Debug|Any CPU
		{763D656E-180F-4153-8C64-FCFA7E5350F4}.Debug|Any CPU.Build.0 = Debug|Any CPU
		{763D656E-180F-4153-8C64-FCFA7E5350F4}.Release|Any CPU.ActiveCfg = Release|Any CPU
		{763D656E-180F-4153-8C64-FCFA7E5350F4}.Release|Any CPU.Build.0 = Release|Any CPU
		{EA38117C-6B05-4947-8E88-1E9EA4434DC3}.Debug|Any CPU.ActiveCfg = Debug|Any CPU
		{EA38117C-6B05-4947-8E88-1E9EA4434DC3}.Debug|Any CPU.Build.0 = Debug|Any CPU
		{EA38117C-6B05-4947-8E88-1E9EA4434DC3}.Release|Any CPU.ActiveCfg = Release|Any CPU
		{EA38117C-6B05-4947-8E88-1E9EA4434DC3}.Release|Any CPU.Build.0 = Release|Any CPU
	EndGlobalSection
	GlobalSection(SolutionProperties) = preSolution
		HideSolutionNode = FALSE
	EndGlobalSection
	GlobalSection(ExtensibilityGlobals) = postSolution
		SolutionGuid = {5B1DA694-9B70-43AA-96FA-C413DA2F4C91}
	EndGlobalSection
EndGlobal
